// !$*UTF8*$!
{
	archiveVersion = 1;
	classes = {
	};
	objectVersion = 56;
	objects = {

/* Begin PBXBuildFile section */
		F5FC20C52D4ABCE900814FF9 /* ChatPrototypeApp.swift in Sources */ = {isa = PBXBuildFile; fileRef = F5FC20C42D4ABCE900814FF9 /* ChatPrototypeApp.swift */; };
		F5FC20C72D4ABCE900814FF9 /* ContentView.swift in Sources */ = {isa = PBXBuildFile; fileRef = F5FC20C62D4ABCE900814FF9 /* ContentView.swift */; };
		F5FC20C92D4ABCEA00814FF9 /* Assets.xcassets in Resources */ = {isa = PBXBuildFile; fileRef = F5FC20C82D4ABCEA00814FF9 /* Assets.xcassets */; };
		F5FC20CC2D4ABCEA00814FF9 /* Preview Assets.xcassets in Resources */ = {isa = PBXBuildFile; fileRef = F5FC20CB2D4ABCEA00814FF9 /* Preview Assets.xcassets */; };
		F5FC20D62D4ABCEA00814FF9 /* ChatPrototypeTests.swift in Sources */ = {isa = PBXBuildFile; fileRef = F5FC20D52D4ABCEA00814FF9 /* ChatPrototypeTests.swift */; };
		F5FC20E02D4ABCEA00814FF9 /* ChatPrototypeUITests.swift in Sources */ = {isa = PBXBuildFile; fileRef = F5FC20DF2D4ABCEA00814FF9 /* ChatPrototypeUITests.swift */; };
		F5FC20E22D4ABCEA00814FF9 /* ChatPrototypeUITestsLaunchTests.swift in Sources */ = {isa = PBXBuildFile; fileRef = F5FC20E12D4ABCEA00814FF9 /* ChatPrototypeUITestsLaunchTests.swift */; };
/* End PBXBuildFile section */

/* Begin PBXContainerItemProxy section */
		F5FC20D22D4ABCEA00814FF9 /* PBXContainerItemProxy */ = {
			isa = PBXContainerItemProxy;
			containerPortal = F5FC20B92D4ABCE900814FF9 /* Project object */;
			proxyType = 1;
			remoteGlobalIDString = F5FC20C02D4ABCE900814FF9;
			remoteInfo = ChatPrototype;
		};
		F5FC20DC2D4ABCEA00814FF9 /* PBXContainerItemProxy */ = {
			isa = PBXContainerItemProxy;
			containerPortal = F5FC20B92D4ABCE900814FF9 /* Project object */;
			proxyType = 1;
			remoteGlobalIDString = F5FC20C02D4ABCE900814FF9;
			remoteInfo = ChatPrototype;
		};
/* End PBXContainerItemProxy section */

/* Begin PBXFileReference section */
		F5FC20C12D4ABCE900814FF9 /* ChatPrototype.app */ = {isa = PBXFileReference; explicitFileType = wrapper.application; includeInIndex = 0; path = ChatPrototype.app; sourceTree = BUILT_PRODUCTS_DIR; };
		F5FC20C42D4ABCE900814FF9 /* ChatPrototypeApp.swift */ = {isa = PBXFileReference; lastKnownFileType = sourcecode.swift; path = ChatPrototypeApp.swift; sourceTree = "<group>"; };
		F5FC20C62D4ABCE900814FF9 /* ContentView.swift */ = {isa = PBXFileReference; lastKnownFileType = sourcecode.swift; path = ContentView.swift; sourceTree = "<group>"; };
		F5FC20C82D4ABCEA00814FF9 /* Assets.xcassets */ = {isa = PBXFileReference; lastKnownFileType = folder.assetcatalog; path = Assets.xcassets; sourceTree = "<group>"; };
		F5FC20CB2D4ABCEA00814FF9 /* Preview Assets.xcassets */ = {isa = PBXFileReference; lastKnownFileType = folder.assetcatalog; path = "Preview Assets.xcassets"; sourceTree = "<group>"; };
		F5FC20D12D4ABCEA00814FF9 /* ChatPrototypeTests.xctest */ = {isa = PBXFileReference; explicitFileType = wrapper.cfbundle; includeInIndex = 0; path = ChatPrototypeTests.xctest; sourceTree = BUILT_PRODUCTS_DIR; };
		F5FC20D52D4ABCEA00814FF9 /* ChatPrototypeTests.swift */ = {isa = PBXFileReference; lastKnownFileType = sourcecode.swift; path = ChatPrototypeTests.swift; sourceTree = "<group>"; };
		F5FC20DB2D4ABCEA00814FF9 /* ChatPrototypeUITests.xctest */ = {isa = PBXFileReference; explicitFileType = wrapper.cfbundle; includeInIndex = 0; path = ChatPrototypeUITests.xctest; sourceTree = BUILT_PRODUCTS_DIR; };
		F5FC20DF2D4ABCEA00814FF9 /* ChatPrototypeUITests.swift */ = {isa = PBXFileReference; lastKnownFileType = sourcecode.swift; path = ChatPrototypeUITests.swift; sourceTree = "<group>"; };
		F5FC20E12D4ABCEA00814FF9 /* ChatPrototypeUITestsLaunchTests.swift */ = {isa = PBXFileReference; lastKnownFileType = sourcecode.swift; path = ChatPrototypeUITestsLaunchTests.swift; sourceTree = "<group>"; };
/* End PBXFileReference section */

/* Begin PBXFrameworksBuildPhase section */
		F5FC20BE2D4ABCE900814FF9 /* Frameworks */ = {
			isa = PBXFrameworksBuildPhase;
			buildActionMask = 2147483647;
			files = (
			);
			runOnlyForDeploymentPostprocessing = 0;
		};
		F5FC20CE2D4ABCEA00814FF9 /* Frameworks */ = {
			isa = PBXFrameworksBuildPhase;
			buildActionMask = 2147483647;
			files = (
			);
			runOnlyForDeploymentPostprocessing = 0;
		};
		F5FC20D82D4ABCEA00814FF9 /* Frameworks */ = {
			isa = PBXFrameworksBuildPhase;
			buildActionMask = 2147483647;
			files = (
			);
			runOnlyForDeploymentPostprocessing = 0;
		};
/* End PBXFrameworksBuildPhase section */

/* Begin PBXGroup section */
		F5FC20B82D4ABCE900814FF9 = {
			isa = PBXGroup;
			children = (
				F5FC20C32D4ABCE900814FF9 /* ChatPrototype */,
				F5FC20D42D4ABCEA00814FF9 /* ChatPrototypeTests */,
				F5FC20DE2D4ABCEA00814FF9 /* ChatPrototypeUITests */,
				F5FC20C22D4ABCE900814FF9 /* Products */,
			);
			sourceTree = "<group>";
		};
		F5FC20C22D4ABCE900814FF9 /* Products */ = {
			isa = PBXGroup;
			children = (
				F5FC20C12D4ABCE900814FF9 /* ChatPrototype.app */,
				F5FC20D12D4ABCEA00814FF9 /* ChatPrototypeTests.xctest */,
				F5FC20DB2D4ABCEA00814FF9 /* ChatPrototypeUITests.xctest */,
			);
			name = Products;
			sourceTree = "<group>";
		};
		F5FC20C32D4ABCE900814FF9 /* ChatPrototype */ = {
			isa = PBXGroup;
			children = (
				F5FC20C42D4ABCE900814FF9 /* ChatPrototypeApp.swift */,
				F5FC20C62D4ABCE900814FF9 /* ContentView.swift */,
				F5FC20C82D4ABCEA00814FF9 /* Assets.xcassets */,
				F5FC20CA2D4ABCEA00814FF9 /* Preview Content */,
			);
			path = ChatPrototype;
			sourceTree = "<group>";
		};
		F5FC20CA2D4ABCEA00814FF9 /* Preview Content */ = {
			isa = PBXGroup;
			children = (
				F5FC20CB2D4ABCEA00814FF9 /* Preview Assets.xcassets */,
			);
			path = "Preview Content";
			sourceTree = "<group>";
		};
		F5FC20D42D4ABCEA00814FF9 /* ChatPrototypeTests */ = {
			isa = PBXGroup;
			children = (
				F5FC20D52D4ABCEA00814FF9 /* ChatPrototypeTests.swift */,
			);
			path = ChatPrototypeTests;
			sourceTree = "<group>";
		};
		F5FC20DE2D4ABCEA00814FF9 /* ChatPrototypeUITests */ = {
			isa = PBXGroup;
			children = (
				F5FC20DF2D4ABCEA00814FF9 /* ChatPrototypeUITests.swift */,
				F5FC20E12D4ABCEA00814FF9 /* ChatPrototypeUITestsLaunchTests.swift */,
			);
			path = ChatPrototypeUITests;
			sourceTree = "<group>";
		};
/* End PBXGroup section */

/* Begin PBXNativeTarget section */
		F5FC20C02D4ABCE900814FF9 /* ChatPrototype */ = {
			isa = PBXNativeTarget;
			buildConfigurationList = F5FC20E52D4ABCEA00814FF9 /* Build configuration list for PBXNativeTarget "ChatPrototype" */;
			buildPhases = (
				F5FC20BD2D4ABCE900814FF9 /* Sources */,
				F5FC20BE2D4ABCE900814FF9 /* Frameworks */,
				F5FC20BF2D4ABCE900814FF9 /* Resources */,
			);
			buildRules = (
			);
			dependencies = (
			);
			name = ChatPrototype;
			productName = ChatPrototype;
			productReference = F5FC20C12D4ABCE900814FF9 /* ChatPrototype.app */;
			productType = "com.apple.product-type.application";
		};
		F5FC20D02D4ABCEA00814FF9 /* ChatPrototypeTests */ = {
			isa = PBXNativeTarget;
			buildConfigurationList = F5FC20E82D4ABCEA00814FF9 /* Build configuration list for PBXNativeTarget "ChatPrototypeTests" */;
			buildPhases = (
				F5FC20CD2D4ABCEA00814FF9 /* Sources */,
				F5FC20CE2D4ABCEA00814FF9 /* Frameworks */,
				F5FC20CF2D4ABCEA00814FF9 /* Resources */,
			);
			buildRules = (
			);
			dependencies = (
				F5FC20D32D4ABCEA00814FF9 /* PBXTargetDependency */,
			);
			name = ChatPrototypeTests;
			productName = ChatPrototypeTests;
			productReference = F5FC20D12D4ABCEA00814FF9 /* ChatPrototypeTests.xctest */;
			productType = "com.apple.product-type.bundle.unit-test";
		};
		F5FC20DA2D4ABCEA00814FF9 /* ChatPrototypeUITests */ = {
			isa = PBXNativeTarget;
			buildConfigurationList = F5FC20EB2D4ABCEA00814FF9 /* Build configuration list for PBXNativeTarget "ChatPrototypeUITests" */;
			buildPhases = (
				F5FC20D72D4ABCEA00814FF9 /* Sources */,
				F5FC20D82D4ABCEA00814FF9 /* Frameworks */,
				F5FC20D92D4ABCEA00814FF9 /* Resources */,
			);
			buildRules = (
			);
			dependencies = (
				F5FC20DD2D4ABCEA00814FF9 /* PBXTargetDependency */,
			);
			name = ChatPrototypeUITests;
			productName = ChatPrototypeUITests;
			productReference = F5FC20DB2D4ABCEA00814FF9 /* ChatPrototypeUITests.xctest */;
			productType = "com.apple.product-type.bundle.ui-testing";
		};
/* End PBXNativeTarget section */

/* Begin PBXProject section */
		F5FC20B92D4ABCE900814FF9 /* Project object */ = {
			isa = PBXProject;
			attributes = {
				BuildIndependentTargetsInParallel = 1;
				LastSwiftUpdateCheck = 1540;
				LastUpgradeCheck = 1540;
				TargetAttributes = {
					F5FC20C02D4ABCE900814FF9 = {
						CreatedOnToolsVersion = 15.4;
					};
					F5FC20D02D4ABCEA00814FF9 = {
						CreatedOnToolsVersion = 15.4;
						TestTargetID = F5FC20C02D4ABCE900814FF9;
					};
					F5FC20DA2D4ABCEA00814FF9 = {
						CreatedOnToolsVersion = 15.4;
						TestTargetID = F5FC20C02D4ABCE900814FF9;
					};
				};
			};
			buildConfigurationList = F5FC20BC2D4ABCE900814FF9 /* Build configuration list for PBXProject "ChatPrototype" */;
			compatibilityVersion = "Xcode 14.0";
			developmentRegion = en;
			hasScannedForEncodings = 0;
			knownRegions = (
				en,
				Base,
			);
			mainGroup = F5FC20B82D4ABCE900814FF9;
			productRefGroup = F5FC20C22D4ABCE900814FF9 /* Products */;
			projectDirPath = "";
			projectRoot = "";
			targets = (
				F5FC20C02D4ABCE900814FF9 /* ChatPrototype */,
				F5FC20D02D4ABCEA00814FF9 /* ChatPrototypeTests */,
				F5FC20DA2D4ABCEA00814FF9 /* ChatPrototypeUITests */,
			);
		};
/* End PBXProject section */

/* Begin PBXResourcesBuildPhase section */
		F5FC20BF2D4ABCE900814FF9 /* Resources */ = {
			isa = PBXResourcesBuildPhase;
			buildActionMask = 2147483647;
			files = (
				F5FC20CC2D4ABCEA00814FF9 /* Preview Assets.xcassets in Resources */,
				F5FC20C92D4ABCEA00814FF9 /* Assets.xcassets in Resources */,
			);
			runOnlyForDeploymentPostprocessing = 0;
		};
		F5FC20CF2D4ABCEA00814FF9 /* Resources */ = {
			isa = PBXResourcesBuildPhase;
			buildActionMask = 2147483647;
			files = (
			);
			runOnlyForDeploymentPostprocessing = 0;
		};
		F5FC20D92D4ABCEA00814FF9 /* Resources */ = {
			isa = PBXResourcesBuildPhase;
			buildActionMask = 2147483647;
			files = (
			);
			runOnlyForDeploymentPostprocessing = 0;
		};
/* End PBXResourcesBuildPhase section */

/* Begin PBXSourcesBuildPhase section */
		F5FC20BD2D4ABCE900814FF9 /* Sources */ = {
			isa = PBXSourcesBuildPhase;
			buildActionMask = 2147483647;
			files = (
				F5FC20C72D4ABCE900814FF9 /* ContentView.swift in Sources */,
				F5FC20C52D4ABCE900814FF9 /* ChatPrototypeApp.swift in Sources */,
			);
			runOnlyForDeploymentPostprocessing = 0;
		};
		F5FC20CD2D4ABCEA00814FF9 /* Sources */ = {
			isa = PBXSourcesBuildPhase;
			buildActionMask = 2147483647;
			files = (
				F5FC20D62D4ABCEA00814FF9 /* ChatPrototypeTests.swift in Sources */,
			);
			runOnlyForDeploymentPostprocessing = 0;
		};
		F5FC20D72D4ABCEA00814FF9 /* Sources */ = {
			isa = PBXSourcesBuildPhase;
			buildActionMask = 2147483647;
			files = (
				F5FC20E02D4ABCEA00814FF9 /* ChatPrototypeUITests.swift in Sources */,
				F5FC20E22D4ABCEA00814FF9 /* ChatPrototypeUITestsLaunchTests.swift in Sources */,
			);
			runOnlyForDeploymentPostprocessing = 0;
		};
/* End PBXSourcesBuildPhase section */

/* Begin PBXTargetDependency section */
		F5FC20D32D4ABCEA00814FF9 /* PBXTargetDependency */ = {
			isa = PBXTargetDependency;
			target = F5FC20C02D4ABCE900814FF9 /* ChatPrototype */;
			targetProxy = F5FC20D22D4ABCEA00814FF9 /* PBXContainerItemProxy */;
		};
		F5FC20DD2D4ABCEA00814FF9 /* PBXTargetDependency */ = {
			isa = PBXTargetDependency;
			target = F5FC20C02D4ABCE900814FF9 /* ChatPrototype */;
			targetProxy = F5FC20DC2D4ABCEA00814FF9 /* PBXContainerItemProxy */;
		};
/* End PBXTargetDependency section */

/* Begin XCBuildConfiguration section */
		F5FC20E32D4ABCEA00814FF9 /* Debug */ = {
			isa = XCBuildConfiguration;
			buildSettings = {
				ALWAYS_SEARCH_USER_PATHS = NO;
				ASSETCATALOG_COMPILER_GENERATE_SWIFT_ASSET_SYMBOL_EXTENSIONS = YES;
				CLANG_ANALYZER_NONNULL = YES;
				CLANG_ANALYZER_NUMBER_OBJECT_CONVERSION = YES_AGGRESSIVE;
				CLANG_CXX_LANGUAGE_STANDARD = "gnu++20";
				CLANG_ENABLE_MODULES = YES;
				CLANG_ENABLE_OBJC_ARC = YES;
				CLANG_ENABLE_OBJC_WEAK = YES;
				CLANG_WARN_BLOCK_CAPTURE_AUTORELEASING = YES;
				CLANG_WARN_BOOL_CONVERSION = YES;
				CLANG_WARN_COMMA = YES;
				CLANG_WARN_CONSTANT_CONVERSION = YES;
				CLANG_WARN_DEPRECATED_OBJC_IMPLEMENTATIONS = YES;
				CLANG_WARN_DIRECT_OBJC_ISA_USAGE = YES_ERROR;
				CLANG_WARN_DOCUMENTATION_COMMENTS = YES;
				CLANG_WARN_EMPTY_BODY = YES;
				CLANG_WARN_ENUM_CONVERSION = YES;
				CLANG_WARN_INFINITE_RECURSION = YES;
				CLANG_WARN_INT_CONVERSION = YES;
				CLANG_WARN_NON_LITERAL_NULL_CONVERSION = YES;
				CLANG_WARN_OBJC_IMPLICIT_RETAIN_SELF = YES;
				CLANG_WARN_OBJC_LITERAL_CONVERSION = YES;
				CLANG_WARN_OBJC_ROOT_CLASS = YES_ERROR;
				CLANG_WARN_QUOTED_INCLUDE_IN_FRAMEWORK_HEADER = YES;
				CLANG_WARN_RANGE_LOOP_ANALYSIS = YES;
				CLANG_WARN_STRICT_PROTOTYPES = YES;
				CLANG_WARN_SUSPICIOUS_MOVE = YES;
				CLANG_WARN_UNGUARDED_AVAILABILITY = YES_AGGRESSIVE;
				CLANG_WARN_UNREACHABLE_CODE = YES;
				CLANG_WARN__DUPLICATE_METHOD_MATCH = YES;
				COPY_PHASE_STRIP = NO;
				DEBUG_INFORMATION_FORMAT = dwarf;
				ENABLE_STRICT_OBJC_MSGSEND = YES;
				ENABLE_TESTABILITY = YES;
				ENABLE_USER_SCRIPT_SANDBOXING = YES;
				GCC_C_LANGUAGE_STANDARD = gnu17;
				GCC_DYNAMIC_NO_PIC = NO;
				GCC_NO_COMMON_BLOCKS = YES;
				GCC_OPTIMIZATION_LEVEL = 0;
				GCC_PREPROCESSOR_DEFINITIONS = (
					"DEBUG=1",
					"$(inherited)",
				);
				GCC_WARN_64_TO_32_BIT_CONVERSION = YES;
				GCC_WARN_ABOUT_RETURN_TYPE = YES_ERROR;
				GCC_WARN_UNDECLARED_SELECTOR = YES;
				GCC_WARN_UNINITIALIZED_AUTOS = YES_AGGRESSIVE;
				GCC_WARN_UNUSED_FUNCTION = YES;
				GCC_WARN_UNUSED_VARIABLE = YES;
				IPHONEOS_DEPLOYMENT_TARGET = 17.5;
				LOCALIZATION_PREFERS_STRING_CATALOGS = YES;
				MTL_ENABLE_DEBUG_INFO = INCLUDE_SOURCE;
				MTL_FAST_MATH = YES;
				ONLY_ACTIVE_ARCH = YES;
				SDKROOT = iphoneos;
				SWIFT_ACTIVE_COMPILATION_CONDITIONS = "DEBUG $(inherited)";
				SWIFT_OPTIMIZATION_LEVEL = "-Onone";
			};
			name = Debug;
		};
		F5FC20E42D4ABCEA00814FF9 /* Release */ = {
			isa = XCBuildConfiguration;
			buildSettings = {
				ALWAYS_SEARCH_USER_PATHS = NO;
				ASSETCATALOG_COMPILER_GENERATE_SWIFT_ASSET_SYMBOL_EXTENSIONS = YES;
				CLANG_ANALYZER_NONNULL = YES;
				CLANG_ANALYZER_NUMBER_OBJECT_CONVERSION = YES_AGGRESSIVE;
				CLANG_CXX_LANGUAGE_STANDARD = "gnu++20";
				CLANG_ENABLE_MODULES = YES;
				CLANG_ENABLE_OBJC_ARC = YES;
				CLANG_ENABLE_OBJC_WEAK = YES;
				CLANG_WARN_BLOCK_CAPTURE_AUTORELEASING = YES;
				CLANG_WARN_BOOL_CONVERSION = YES;
				CLANG_WARN_COMMA = YES;
				CLANG_WARN_CONSTANT_CONVERSION = YES;
				CLANG_WARN_DEPRECATED_OBJC_IMPLEMENTATIONS = YES;
				CLANG_WARN_DIRECT_OBJC_ISA_USAGE = YES_ERROR;
				CLANG_WARN_DOCUMENTATION_COMMENTS = YES;
				CLANG_WARN_EMPTY_BODY = YES;
				CLANG_WARN_ENUM_CONVERSION = YES;
				CLANG_WARN_INFINITE_RECURSION = YES;
				CLANG_WARN_INT_CONVERSION = YES;
				CLANG_WARN_NON_LITERAL_NULL_CONVERSION = YES;
				CLANG_WARN_OBJC_IMPLICIT_RETAIN_SELF = YES;
				CLANG_WARN_OBJC_LITERAL_CONVERSION = YES;
				CLANG_WARN_OBJC_ROOT_CLASS = YES_ERROR;
				CLANG_WARN_QUOTED_INCLUDE_IN_FRAMEWORK_HEADER = YES;
				CLANG_WARN_RANGE_LOOP_ANALYSIS = YES;
				CLANG_WARN_STRICT_PROTOTYPES = YES;
				CLANG_WARN_SUSPICIOUS_MOVE = YES;
				CLANG_WARN_UNGUARDED_AVAILABILITY = YES_AGGRESSIVE;
				CLANG_WARN_UNREACHABLE_CODE = YES;
				CLANG_WARN__DUPLICATE_METHOD_MATCH = YES;
				COPY_PHASE_STRIP = NO;
				DEBUG_INFORMATION_FORMAT = "dwarf-with-dsym";
				ENABLE_NS_ASSERTIONS = NO;
				ENABLE_STRICT_OBJC_MSGSEND = YES;
				ENABLE_USER_SCRIPT_SANDBOXING = YES;
				GCC_C_LANGUAGE_STANDARD = gnu17;
				GCC_NO_COMMON_BLOCKS = YES;
				GCC_WARN_64_TO_32_BIT_CONVERSION = YES;
				GCC_WARN_ABOUT_RETURN_TYPE = YES_ERROR;
				GCC_WARN_UNDECLARED_SELECTOR = YES;
				GCC_WARN_UNINITIALIZED_AUTOS = YES_AGGRESSIVE;
				GCC_WARN_UNUSED_FUNCTION = YES;
				GCC_WARN_UNUSED_VARIABLE = YES;
				IPHONEOS_DEPLOYMENT_TARGET = 17.5;
				LOCALIZATION_PREFERS_STRING_CATALOGS = YES;
				MTL_ENABLE_DEBUG_INFO = NO;
				MTL_FAST_MATH = YES;
				SDKROOT = iphoneos;
				SWIFT_COMPILATION_MODE = wholemodule;
				VALIDATE_PRODUCT = YES;
			};
			name = Release;
		};
		F5FC20E62D4ABCEA00814FF9 /* Debug */ = {
			isa = XCBuildConfiguration;
			buildSettings = {
				ASSETCATALOG_COMPILER_APPICON_NAME = AppIcon;
				ASSETCATALOG_COMPILER_GLOBAL_ACCENT_COLOR_NAME = AccentColor;
				CODE_SIGN_STYLE = Automatic;
				CURRENT_PROJECT_VERSION = 1;
				DEVELOPMENT_ASSET_PATHS = "\"ChatPrototype/Preview Content\"";
				ENABLE_PREVIEWS = YES;
				GENERATE_INFOPLIST_FILE = YES;
				INFOPLIST_KEY_UIApplicationSceneManifest_Generation = YES;
				INFOPLIST_KEY_UIApplicationSupportsIndirectInputEvents = YES;
				INFOPLIST_KEY_UILaunchScreen_Generation = YES;
				INFOPLIST_KEY_UISupportedInterfaceOrientations_iPad = "UIInterfaceOrientationPortrait UIInterfaceOrientationPortraitUpsideDown UIInterfaceOrientationLandscapeLeft UIInterfaceOrientationLandscapeRight";
				INFOPLIST_KEY_UISupportedInterfaceOrientations_iPhone = "UIInterfaceOrientationPortrait UIInterfaceOrientationLandscapeLeft UIInterfaceOrientationLandscapeRight";
				LD_RUNPATH_SEARCH_PATHS = (
					"$(inherited)",
					"@executable_path/Frameworks",
				);
				MARKETING_VERSION = 1.0;
				PRODUCT_BUNDLE_IDENTIFIER = name.chiunehonda.ChatPrototype;
				PRODUCT_NAME = "$(TARGET_NAME)";
				SWIFT_EMIT_LOC_STRINGS = YES;
				SWIFT_VERSION = 5.0;
				TARGETED_DEVICE_FAMILY = "1,2";
			};
			name = Debug;
		};
		F5FC20E72D4ABCEA00814FF9 /* Release */ = {
			isa = XCBuildConfiguration;
			buildSettings = {
				ASSETCATALOG_COMPILER_APPICON_NAME = AppIcon;
				ASSETCATALOG_COMPILER_GLOBAL_ACCENT_COLOR_NAME = AccentColor;
				CODE_SIGN_STYLE = Automatic;
				CURRENT_PROJECT_VERSION = 1;
				DEVELOPMENT_ASSET_PATHS = "\"ChatPrototype/Preview Content\"";
				ENABLE_PREVIEWS = YES;
				GENERATE_INFOPLIST_FILE = YES;
				INFOPLIST_KEY_UIApplicationSceneManifest_Generation = YES;
				INFOPLIST_KEY_UIApplicationSupportsIndirectInputEvents = YES;
				INFOPLIST_KEY_UILaunchScreen_Generation = YES;
				INFOPLIST_KEY_UISupportedInterfaceOrientations_iPad = "UIInterfaceOrientationPortrait UIInterfaceOrientationPortraitUpsideDown UIInterfaceOrientationLandscapeLeft UIInterfaceOrientationLandscapeRight";
				INFOPLIST_KEY_UISupportedInterfaceOrientations_iPhone = "UIInterfaceOrientationPortrait UIInterfaceOrientationLandscapeLeft UIInterfaceOrientationLandscapeRight";
				LD_RUNPATH_SEARCH_PATHS = (
					"$(inherited)",
					"@executable_path/Frameworks",
				);
				MARKETING_VERSION = 1.0;
				PRODUCT_BUNDLE_IDENTIFIER = name.chiunehonda.ChatPrototype;
				PRODUCT_NAME = "$(TARGET_NAME)";
				SWIFT_EMIT_LOC_STRINGS = YES;
				SWIFT_VERSION = 5.0;
				TARGETED_DEVICE_FAMILY = "1,2";
			};
			name = Release;
		};
		F5FC20E92D4ABCEA00814FF9 /* Debug */ = {
			isa = XCBuildConfiguration;
			buildSettings = {
				ALWAYS_EMBED_SWIFT_STANDARD_LIBRARIES = YES;
				BUNDLE_LOADER = "$(TEST_HOST)";
				CODE_SIGN_STYLE = Automatic;
				CURRENT_PROJECT_VERSION = 1;
				GENERATE_INFOPLIST_FILE = YES;
				IPHONEOS_DEPLOYMENT_TARGET = 17.5;
				MARKETING_VERSION = 1.0;
				PRODUCT_BUNDLE_IDENTIFIER = name.chiunehonda.ChatPrototypeTests;
				PRODUCT_NAME = "$(TARGET_NAME)";
				SWIFT_EMIT_LOC_STRINGS = NO;
				SWIFT_VERSION = 5.0;
				TARGETED_DEVICE_FAMILY = "1,2";
				TEST_HOST = "$(BUILT_PRODUCTS_DIR)/ChatPrototype.app/$(BUNDLE_EXECUTABLE_FOLDER_PATH)/ChatPrototype";
			};
			name = Debug;
		};
		F5FC20EA2D4ABCEA00814FF9 /* Release */ = {
			isa = XCBuildConfiguration;
			buildSettings = {
				ALWAYS_EMBED_SWIFT_STANDARD_LIBRARIES = YES;
				BUNDLE_LOADER = "$(TEST_HOST)";
				CODE_SIGN_STYLE = Automatic;
				CURRENT_PROJECT_VERSION = 1;
				GENERATE_INFOPLIST_FILE = YES;
				IPHONEOS_DEPLOYMENT_TARGET = 17.5;
				MARKETING_VERSION = 1.0;
				PRODUCT_BUNDLE_IDENTIFIER = name.chiunehonda.ChatPrototypeTests;
				PRODUCT_NAME = "$(TARGET_NAME)";
				SWIFT_EMIT_LOC_STRINGS = NO;
				SWIFT_VERSION = 5.0;
				TARGETED_DEVICE_FAMILY = "1,2";
				TEST_HOST = "$(BUILT_PRODUCTS_DIR)/ChatPrototype.app/$(BUNDLE_EXECUTABLE_FOLDER_PATH)/ChatPrototype";
			};
			name = Release;
		};
		F5FC20EC2D4ABCEA00814FF9 /* Debug */ = {
			isa = XCBuildConfiguration;
			buildSettings = {
				ALWAYS_EMBED_SWIFT_STANDARD_LIBRARIES = YES;
				CODE_SIGN_STYLE = Automatic;
				CURRENT_PROJECT_VERSION = 1;
				GENERATE_INFOPLIST_FILE = YES;
				MARKETING_VERSION = 1.0;
				PRODUCT_BUNDLE_IDENTIFIER = name.chiunehonda.ChatPrototypeUITests;
				PRODUCT_NAME = "$(TARGET_NAME)";
				SWIFT_EMIT_LOC_STRINGS = NO;
				SWIFT_VERSION = 5.0;
				TARGETED_DEVICE_FAMILY = "1,2";
				TEST_TARGET_NAME = ChatPrototype;
			};
			name = Debug;
		};
		F5FC20ED2D4ABCEA00814FF9 /* Release */ = {
			isa = XCBuildConfiguration;
			buildSettings = {
				ALWAYS_EMBED_SWIFT_STANDARD_LIBRARIES = YES;
				CODE_SIGN_STYLE = Automatic;
				CURRENT_PROJECT_VERSION = 1;
				GENERATE_INFOPLIST_FILE = YES;
				MARKETING_VERSION = 1.0;
				PRODUCT_BUNDLE_IDENTIFIER = name.chiunehonda.ChatPrototypeUITests;
				PRODUCT_NAME = "$(TARGET_NAME)";
				SWIFT_EMIT_LOC_STRINGS = NO;
				SWIFT_VERSION = 5.0;
				TARGETED_DEVICE_FAMILY = "1,2";
				TEST_TARGET_NAME = ChatPrototype;
			};
			name = Release;
		};
/* End XCBuildConfiguration section */

/* Begin XCConfigurationList section */
		F5FC20BC2D4ABCE900814FF9 /* Build configuration list for PBXProject "ChatPrototype" */ = {
			isa = XCConfigurationList;
			buildConfigurations = (
				F5FC20E32D4ABCEA00814FF9 /* Debug */,
				F5FC20E42D4ABCEA00814FF9 /* Release */,
			);
			defaultConfigurationIsVisible = 0;
			defaultConfigurationName = Release;
		};
		F5FC20E52D4ABCEA00814FF9 /* Build configuration list for PBXNativeTarget "ChatPrototype" */ = {
			isa = XCConfigurationList;
			buildConfigurations = (
				F5FC20E62D4ABCEA00814FF9 /* Debug */,
				F5FC20E72D4ABCEA00814FF9 /* Release */,
			);
			defaultConfigurationIsVisible = 0;
			defaultConfigurationName = Release;
		};
		F5FC20E82D4ABCEA00814FF9 /* Build configuration list for PBXNativeTarget "ChatPrototypeTests" */ = {
			isa = XCConfigurationList;
			buildConfigurations = (
				F5FC20E92D4ABCEA00814FF9 /* Debug */,
				F5FC20EA2D4ABCEA00814FF9 /* Release */,
			);
			defaultConfigurationIsVisible = 0;
			defaultConfigurationName = Release;
		};
		F5FC20EB2D4ABCEA00814FF9 /* Build configuration list for PBXNativeTarget "ChatPrototypeUITests" */ = {
			isa = XCConfigurationList;
			buildConfigurations = (
				F5FC20EC2D4ABCEA00814FF9 /* Debug */,
				F5FC20ED2D4ABCEA00814FF9 /* Release */,
			);
			defaultConfigurationIsVisible = 0;
			defaultConfigurationName = Release;
		};
/* End XCConfigurationList section */
	};
	rootObject = F5FC20B92D4ABCE900814FF9 /* Project object */;
}
